
Microsoft Visual Studio Solution File, Format Version 12.00
# Visual Studio Version 17
VisualStudioVersion = 17.14.36408.4 d17.14
MinimumVisualStudioVersion = 10.0.40219.1
Project("{FAE04EC0-301F-11D3-BF4B-00C04F79EFBC}") = "SiemensDemo", "SiemensDemo\SiemensDemo.csproj", "{2C8270B0-2697-46DC-A995-531D83FAAD31}"
EndProject
Global
	GlobalSection(SolutionConfigurationPlatforms) = preSolution
		Debug|Any CPU = Debug|Any CPU
		Release|Any CPU = Release|Any CPU
	EndGlobalSection
	GlobalSection(ProjectConfigurationPlatforms) = postSolution
		{2C8270B0-2697-46DC-A995-531D83FAAD31}.Debug|Any CPU.ActiveCfg = Debug|Any CPU
		{2C8270B0-2697-46DC-A995-531D83FAAD31}.Debug|Any CPU.Build.0 = Debug|Any CPU
		{2C8270B0-2697-46DC-A995-531D83FAAD31}.Release|Any CPU.ActiveCfg = Release|Any CPU
		{2C8270B0-2697-46DC-A995-531D83FAAD31}.Release|Any CPU.Build.0 = Release|Any CPU
	EndGlobalSection
	GlobalSection(SolutionProperties) = preSolution
		HideSolutionNode = FALSE
	EndGlobalSection
	GlobalSection(ExtensibilityGlobals) = postSolution
		SolutionGuid = {156317CD-0C45-40CC-89BF-8B0FF878F906}
	EndGlobalSection
EndGlobal
